
Microsoft Visual Studio Solution File, Format Version 12.00
# Visual Studio 15
VisualStudioVersion = 15.0.28307.902
MinimumVisualStudioVersion = 10.0.40219.1
Project("{8BC9CEB8-8B4A-11D0-8D11-00A0C91BC942}") = "Sandbox", "Sandbox\Sandbox.vcxproj", "{3E61CBEB-0046-4459-9BC3-7DF9E4478EF2}"
EndProject
Project("{8BC9CEB8-8B4A-11D0-8D11-00A0C91BC942}") = "Hazel", "Hazel\Hazel.vcxproj", "{4D28E593-7AAE-40D6-932C-663950E8961E}"
EndProject
Global
	GlobalSection(SolutionConfigurationPlatforms) = preSolution
		Debug|x64 = Debug|x64
		Release|x64 = Release|x64
	EndGlobalSection
	GlobalSection(ProjectConfigurationPlatforms) = postSolution
		{4D28E593-7AAE-40D6-932C-663950E8961E}.Debug|x64.ActiveCfg = Debug|x64
		{4D28E593-7AAE-40D6-932C-663950E8961E}.Debug|x64.Build.0 = Debug|x64
		{4D28E593-7AAE-40D6-932C-663950E8961E}.Release|x64.ActiveCfg = Release|x64
		{4D28E593-7AAE-40D6-932C-663950E8961E}.Release|x64.Build.0 = Release|x64
		{3E61CBEB-0046-4459-9BC3-7DF9E4478EF2}.Debug|x64.ActiveCfg = Debug|x64
		{3E61CBEB-0046-4459-9BC3-7DF9E4478EF2}.Debug|x64.Build.0 = Debug|x64
		{3E61CBEB-0046-4459-9BC3-7DF9E4478EF2}.Release|x64.ActiveCfg = Release|x64
		{3E61CBEB-0046-4459-9BC3-7DF9E4478EF2}.Release|x64.Build.0 = Release|x64
	EndGlobalSection
	GlobalSection(SolutionProperties) = preSolution
		HideSolutionNode = FALSE
	EndGlobalSection
	GlobalSection(ExtensibilityGlobals) = postSolution
		SolutionGuid = {4A1895F6-F310-4F7E-8377-37481956A1C2}
	EndGlobalSection
EndGlobal
